version = 1
revision = 3
requires-python = ">=3.14"

[options]
exclude-newer = "0001-01-01T00:00:00Z" # This has no effect and is included for backwards compatibility when using relative exclude-newer values.
exclude-newer-span = "P7D"

[[package]]
name = "certifi"
version = "2026.5.20"
source = { registry = "https://pypi.org/simple" }
sdist = { url = "https://files.pythonhosted.org/packages/f3/ce/ee2ecad540810a79593028e88299baeae54d346cc7a0d94b6199988b89b1/certifi-2026.5.20.tar.gz", hash = "sha256:69dea482ab64caa7b9f6aba1c6bf48bb6a5448d1c0f1b17ab42ad8c763a5344d", size = 135422, upload-time = "2026-05-20T11:46:50.073Z" }
wheels = [
    { url = "https://files.pythonhosted.org/packages/59/8c/57e832b7af6d7c5abe66eb3fbe3a3a32f4d11ea23a1aa7131371035be991/certifi-2026.5.20-py3-none-any.whl", hash = "sha256:3c52e209ba0a4ad7aebe60436a4ab349c39e1e602e8c134221e546902ad25897", size = 134134, upload-time = "2026-05-20T11:46:48.578Z" },
]

[[package]]
name = "layer"
version = "0.0.0"
source = { virtual = "." }
dependencies = [
    { name = "sentry-sdk" },
]

[package.metadata]
requires-dist = [{ name = "sentry-sdk" }]

[[package]]
name = "sentry-sdk"
version = "2.61.0"
source = { registry = "https://pypi.org/simple" }
dependencies = [
    { name = "certifi" },
    { name = "urllib3" },
]
sdist = { url = "https://files.pythonhosted.org/packages/52/4d/3c66e6045bd2071256b6b6fdcb0cc02b86ce54b2acc2ceac79af8e0efbb5/sentry_sdk-2.61.0.tar.gz", hash = "sha256:1ca9b4bb777eb5be67004edab7eb894f21c6301f1d05ed64966719ad5d1764ce", size = 458510, upload-time = "2026-05-28T09:40:28.917Z" }
wheels = [
    { url = "https://files.pythonhosted.org/packages/21/5a/9794736d5802689c1a48862e6afe6b7f3e86cc37c15d4a84bc0143877dc1/sentry_sdk-2.61.0-py3-none-any.whl", hash = "sha256:ec4d30273909cb1d198e03208b16ee70e2bc5d90a16fd9f1fb2fc6a72e1f03dc", size = 483111, upload-time = "2026-05-28T09:40:27.027Z" },
]

[[package]]
name = "urllib3"
version = "2.7.0"
source = { registry = "https://pypi.org/simple" }
sdist = { url = "https://files.pythonhosted.org/packages/53/0c/06f8b233b8fd13b9e5ee11424ef85419ba0d8ba0b3138bf360be2ff56953/urllib3-2.7.0.tar.gz", hash = "sha256:231e0ec3b63ceb14667c67be60f2f2c40a518cb38b03af60abc813da26505f4c", size = 433602, upload-time = "2026-05-07T16:13:18.596Z" }
wheels = [
    { url = "https://files.pythonhosted.org/packages/7f/3e/5db95bcf282c52709639744ca2a8b149baccf648e39c8cc87553df9eae0c/urllib3-2.7.0-py3-none-any.whl", hash = "sha256:9fb4c81ebbb1ce9531cce37674bbc6f1360472bc18ca9a553ede278ef7276897", size = 131087, upload-time = "2026-05-07T16:13:17.151Z" },
]
